
Microsoft Visual Studio Solution File, Format Version 12.00
# Visual Studio Version 16
VisualStudioVersion = 16.0.31515.178
MinimumVisualStudioVersion = 10.0.40219.1
Project("{FAE04EC0-301F-11D3-BF4B-00C04F79EFBC}") = "Aula 4 - Eventos - JogoVelha", "Aula 4 - Eventos - JogoVelha\Aula 4 - Eventos - JogoVelha.csproj", "{D7DC353D-A389-4F48-99A5-C7600210D341}"
EndProject
Global
	GlobalSection(SolutionConfigurationPlatforms) = preSolution
		Debug|Any CPU = Debug|Any CPU
		Release|Any CPU = Release|Any CPU
	EndGlobalSection
	GlobalSection(ProjectConfigurationPlatforms) = postSolution
		{D7DC353D-A389-4F48-99A5-C7600210D341}.Debug|Any CPU.ActiveCfg = Debug|Any CPU
		{D7DC353D-A389-4F48-99A5-C7600210D341}.Debug|Any CPU.Build.0 = Debug|Any CPU
		{D7DC353D-A389-4F48-99A5-C7600210D341}.Release|Any CPU.ActiveCfg = Release|Any CPU
		{D7DC353D-A389-4F48-99A5-C7600210D341}.Release|Any CPU.Build.0 = Release|Any CPU
	EndGlobalSection
	GlobalSection(SolutionProperties) = preSolution
		HideSolutionNode = FALSE
	EndGlobalSection
	GlobalSection(ExtensibilityGlobals) = postSolution
		SolutionGuid = {E4F7D57C-E84D-4FC2-A64F-802D399450B4}
	EndGlobalSection
EndGlobal
